{
  "name": "central-krabi-dashboard-monorepo",
  "version": "2.9.0-c7-preview",
  "lockfileVersion": 3,
  "requires": true,
  "packages": {
    "": {
      "name": "central-krabi-dashboard-monorepo",
      "version": "2.9.0-c7-preview",
      "engines": {
        "node": "22.x"
      }
    }
  }
}
